
Microsoft Visual Studio Solution File, Format Version 12.00
# Visual Studio Version 17
VisualStudioVersion = 17.14.36202.13
MinimumVisualStudioVersion = 10.0.40219.1
Project("{FAE04EC0-301F-11D3-BF4B-00C04F79EFBC}") = "SC.Abstraction", "SC.Abstraction\SC.Abstraction.csproj", "{9929CF01-475C-4ED3-AE6F-9B028B288817}"
EndProject
Project("{2150E333-8FDC-42A3-9474-1A3956D46DE8}") = "Solution Items", "Solution Items", "{754FC069-D67B-A9D7-50A1-8D1CA196D8F1}"
	ProjectSection(SolutionItems) = preProject
		Directory.Build.props = Directory.Build.props
	EndProjectSection
EndProject
Project("{FAE04EC0-301F-11D3-BF4B-00C04F79EFBC}") = "SC", "SC\SC.csproj", "{3CC2A8E3-F743-483D-A42B-AD2DC706CDE1}"
EndProject
Project("{FAE04EC0-301F-11D3-BF4B-00C04F79EFBC}") = "SC.Newtonsoft.JSON", "SC.Newtonsoft.JSON\SC.Newtonsoft.JSON.csproj", "{42D985F1-BDD7-4812-89D4-ED43B13B7C4D}"
EndProject
Global
	GlobalSection(SolutionConfigurationPlatforms) = preSolution
		Debug|Any CPU = Debug|Any CPU
		Release|Any CPU = Release|Any CPU
	EndGlobalSection
	GlobalSection(ProjectConfigurationPlatforms) = postSolution
		{9929CF01-475C-4ED3-AE6F-9B028B288817}.Debug|Any CPU.ActiveCfg = Debug|Any CPU
		{9929CF01-475C-4ED3-AE6F-9B028B288817}.Debug|Any CPU.Build.0 = Debug|Any CPU
		{9929CF01-475C-4ED3-AE6F-9B028B288817}.Release|Any CPU.ActiveCfg = Release|Any CPU
		{9929CF01-475C-4ED3-AE6F-9B028B288817}.Release|Any CPU.Build.0 = Release|Any CPU
		{3CC2A8E3-F743-483D-A42B-AD2DC706CDE1}.Debug|Any CPU.ActiveCfg = Debug|Any CPU
		{3CC2A8E3-F743-483D-A42B-AD2DC706CDE1}.Debug|Any CPU.Build.0 = Debug|Any CPU
		{3CC2A8E3-F743-483D-A42B-AD2DC706CDE1}.Release|Any CPU.ActiveCfg = Release|Any CPU
		{3CC2A8E3-F743-483D-A42B-AD2DC706CDE1}.Release|Any CPU.Build.0 = Release|Any CPU
		{42D985F1-BDD7-4812-89D4-ED43B13B7C4D}.Debug|Any CPU.ActiveCfg = Debug|Any CPU
		{42D985F1-BDD7-4812-89D4-ED43B13B7C4D}.Debug|Any CPU.Build.0 = Debug|Any CPU
		{42D985F1-BDD7-4812-89D4-ED43B13B7C4D}.Release|Any CPU.ActiveCfg = Release|Any CPU
		{42D985F1-BDD7-4812-89D4-ED43B13B7C4D}.Release|Any CPU.Build.0 = Release|Any CPU
	EndGlobalSection
	GlobalSection(SolutionProperties) = preSolution
		HideSolutionNode = FALSE
	EndGlobalSection
	GlobalSection(ExtensibilityGlobals) = postSolution
		SolutionGuid = {B2BB710E-ACAC-4877-8959-62044BA5AF1A}
	EndGlobalSection
EndGlobal
